
Microsoft Visual Studio Solution File, Format Version 12.00
# Visual Studio 14
VisualStudioVersion = 14.0.25420.1
MinimumVisualStudioVersion = 10.0.40219.1
Project("{8BC9CEB8-8B4A-11D0-8D11-00A0C91BC942}") = "CLIENT", "CLIENT\CLIENT.vcxproj", "{32367478-1CD5-47F3-9BD6-FD135B769878}"
EndProject
Project("{8BC9CEB8-8B4A-11D0-8D11-00A0C91BC942}") = "SERVER", "SERVER\SERVER.vcxproj", "{04899231-1186-4676-BFBC-2EC9FF09FDA8}"
EndProject
Project("{8BC9CEB8-8B4A-11D0-8D11-00A0C91BC942}") = "Client_test", "Client_test\Client_test.vcxproj", "{4F888803-ADD1-4680-9BD7-707EB585EC98}"
EndProject
Project("{8BC9CEB8-8B4A-11D0-8D11-00A0C91BC942}") = "Server_map", "Server_map\Server_map.vcxproj", "{4DBE390F-C1CB-4F3F-996C-65EBA7588D40}"
EndProject
Global
	GlobalSection(SolutionConfigurationPlatforms) = preSolution
		Debug|x64 = Debug|x64
		Debug|x86 = Debug|x86
		Release|x64 = Release|x64
		Release|x86 = Release|x86
	EndGlobalSection
	GlobalSection(ProjectConfigurationPlatforms) = postSolution
		{32367478-1CD5-47F3-9BD6-FD135B769878}.Debug|x64.ActiveCfg = Debug|x64
		{32367478-1CD5-47F3-9BD6-FD135B769878}.Debug|x64.Build.0 = Debug|x64
		{32367478-1CD5-47F3-9BD6-FD135B769878}.Debug|x86.ActiveCfg = Debug|Win32
		{32367478-1CD5-47F3-9BD6-FD135B769878}.Debug|x86.Build.0 = Debug|Win32
		{32367478-1CD5-47F3-9BD6-FD135B769878}.Release|x64.ActiveCfg = Release|x64
		{32367478-1CD5-47F3-9BD6-FD135B769878}.Release|x64.Build.0 = Release|x64
		{32367478-1CD5-47F3-9BD6-FD135B769878}.Release|x86.ActiveCfg = Release|Win32
		{32367478-1CD5-47F3-9BD6-FD135B769878}.Release|x86.Build.0 = Release|Win32
		{04899231-1186-4676-BFBC-2EC9FF09FDA8}.Debug|x64.ActiveCfg = Debug|x64
		{04899231-1186-4676-BFBC-2EC9FF09FDA8}.Debug|x64.Build.0 = Debug|x64
		{04899231-1186-4676-BFBC-2EC9FF09FDA8}.Debug|x86.ActiveCfg = Debug|Win32
		{04899231-1186-4676-BFBC-2EC9FF09FDA8}.Debug|x86.Build.0 = Debug|Win32
		{04899231-1186-4676-BFBC-2EC9FF09FDA8}.Release|x64.ActiveCfg = Release|x64
		{04899231-1186-4676-BFBC-2EC9FF09FDA8}.Release|x64.Build.0 = Release|x64
		{04899231-1186-4676-BFBC-2EC9FF09FDA8}.Release|x86.ActiveCfg = Release|Win32
		{04899231-1186-4676-BFBC-2EC9FF09FDA8}.Release|x86.Build.0 = Release|Win32
		{4F888803-ADD1-4680-9BD7-707EB585EC98}.Debug|x64.ActiveCfg = Debug|x64
		{4F888803-ADD1-4680-9BD7-707EB585EC98}.Debug|x64.Build.0 = Debug|x64
		{4F888803-ADD1-4680-9BD7-707EB585EC98}.Debug|x86.ActiveCfg = Debug|Win32
		{4F888803-ADD1-4680-9BD7-707EB585EC98}.Debug|x86.Build.0 = Debug|Win32
		{4F888803-ADD1-4680-9BD7-707EB585EC98}.Release|x64.ActiveCfg = Release|x64
		{4F888803-ADD1-4680-9BD7-707EB585EC98}.Release|x64.Build.0 = Release|x64
		{4F888803-ADD1-4680-9BD7-707EB585EC98}.Release|x86.ActiveCfg = Release|Win32
		{4F888803-ADD1-4680-9BD7-707EB585EC98}.Release|x86.Build.0 = Release|Win32
		{4DBE390F-C1CB-4F3F-996C-65EBA7588D40}.Debug|x64.ActiveCfg = Debug|x64
		{4DBE390F-C1CB-4F3F-996C-65EBA7588D40}.Debug|x64.Build.0 = Debug|x64
		{4DBE390F-C1CB-4F3F-996C-65EBA7588D40}.Debug|x86.ActiveCfg = Debug|Win32
		{4DBE390F-C1CB-4F3F-996C-65EBA7588D40}.Debug|x86.Build.0 = Debug|Win32
		{4DBE390F-C1CB-4F3F-996C-65EBA7588D40}.Release|x64.ActiveCfg = Release|x64
		{4DBE390F-C1CB-4F3F-996C-65EBA7588D40}.Release|x64.Build.0 = Release|x64
		{4DBE390F-C1CB-4F3F-996C-65EBA7588D40}.Release|x86.ActiveCfg = Release|Win32
		{4DBE390F-C1CB-4F3F-996C-65EBA7588D40}.Release|x86.Build.0 = Release|Win32
	EndGlobalSection
	GlobalSection(SolutionProperties) = preSolution
		HideSolutionNode = FALSE
	EndGlobalSection
EndGlobal
